
Microsoft Visual Studio Solution File, Format Version 12.00
# Visual Studio Version 16
VisualStudioVersion = 16.0.31624.102
MinimumVisualStudioVersion = 10.0.40219.1
Project("{9A19103F-16F7-4668-BE54-9A1E7A4F7556}") = "Training2", "Training2\Training2.csproj", "{EC6CAB5B-5704-430B-B91D-931F3BF0CB3A}"
EndProject
Project("{9A19103F-16F7-4668-BE54-9A1E7A4F7556}") = "AuxiliaryLib", "AuxiliaryLib\AuxiliaryLib.csproj", "{89E6DCC6-3E53-44F7-8AC0-6342BF60C16B}"
EndProject
Project("{9A19103F-16F7-4668-BE54-9A1E7A4F7556}") = "DAL", "DAL\DAL.csproj", "{3BF0EF9E-F4D8-45DF-BE83-B2A4C673A591}"
EndProject
Project("{9A19103F-16F7-4668-BE54-9A1E7A4F7556}") = "BLL", "BLL\BLL.csproj", "{79CB77C6-6AE6-44F5-B62A-73A1711024CB}"
EndProject
Project("{9A19103F-16F7-4668-BE54-9A1E7A4F7556}") = "ProjectForBenchmark", "ProjectForBenchmark\ProjectForBenchmark.csproj", "{4CDD9B15-500B-4C77-B90C-D2139696D74D}"
EndProject
Project("{9A19103F-16F7-4668-BE54-9A1E7A4F7556}") = "MyLoggerLibrary", "MyLoggerLibrary\MyLoggerLibrary.csproj", "{8E62E3BB-1D34-4353-9370-5B9440EC36C1}"
EndProject
Project("{FAE04EC0-301F-11D3-BF4B-00C04F79EFBC}") = "MyLoggerLibraryUI", "MyLoggerLibraryUI\MyLoggerLibraryUI.csproj", "{77383CFE-F137-4337-95E9-2A4D2ED01A43}"
EndProject
Project("{FAE04EC0-301F-11D3-BF4B-00C04F79EFBC}") = "MyLoggerLibraryMsSQL", "MyLoggerLibraryMsSQL\MyLoggerLibraryMsSQL.csproj", "{2AABCFDD-AA98-4309-AEF6-2236FCAA4A05}"
EndProject
Global
	GlobalSection(SolutionConfigurationPlatforms) = preSolution
		Debug|Any CPU = Debug|Any CPU
		Release|Any CPU = Release|Any CPU
	EndGlobalSection
	GlobalSection(ProjectConfigurationPlatforms) = postSolution
		{EC6CAB5B-5704-430B-B91D-931F3BF0CB3A}.Debug|Any CPU.ActiveCfg = Debug|Any CPU
		{EC6CAB5B-5704-430B-B91D-931F3BF0CB3A}.Debug|Any CPU.Build.0 = Debug|Any CPU
		{EC6CAB5B-5704-430B-B91D-931F3BF0CB3A}.Release|Any CPU.ActiveCfg = Release|Any CPU
		{EC6CAB5B-5704-430B-B91D-931F3BF0CB3A}.Release|Any CPU.Build.0 = Release|Any CPU
		{89E6DCC6-3E53-44F7-8AC0-6342BF60C16B}.Debug|Any CPU.ActiveCfg = Debug|Any CPU
		{89E6DCC6-3E53-44F7-8AC0-6342BF60C16B}.Debug|Any CPU.Build.0 = Debug|Any CPU
		{89E6DCC6-3E53-44F7-8AC0-6342BF60C16B}.Release|Any CPU.ActiveCfg = Release|Any CPU
		{89E6DCC6-3E53-44F7-8AC0-6342BF60C16B}.Release|Any CPU.Build.0 = Release|Any CPU
		{3BF0EF9E-F4D8-45DF-BE83-B2A4C673A591}.Debug|Any CPU.ActiveCfg = Debug|Any CPU
		{3BF0EF9E-F4D8-45DF-BE83-B2A4C673A591}.Debug|Any CPU.Build.0 = Debug|Any CPU
		{3BF0EF9E-F4D8-45DF-BE83-B2A4C673A591}.Release|Any CPU.ActiveCfg = Release|Any CPU
		{3BF0EF9E-F4D8-45DF-BE83-B2A4C673A591}.Release|Any CPU.Build.0 = Release|Any CPU
		{79CB77C6-6AE6-44F5-B62A-73A1711024CB}.Debug|Any CPU.ActiveCfg = Debug|Any CPU
		{79CB77C6-6AE6-44F5-B62A-73A1711024CB}.Debug|Any CPU.Build.0 = Debug|Any CPU
		{79CB77C6-6AE6-44F5-B62A-73A1711024CB}.Release|Any CPU.ActiveCfg = Release|Any CPU
		{79CB77C6-6AE6-44F5-B62A-73A1711024CB}.Release|Any CPU.Build.0 = Release|Any CPU
		{4CDD9B15-500B-4C77-B90C-D2139696D74D}.Debug|Any CPU.ActiveCfg = Debug|Any CPU
		{4CDD9B15-500B-4C77-B90C-D2139696D74D}.Debug|Any CPU.Build.0 = Debug|Any CPU
		{4CDD9B15-500B-4C77-B90C-D2139696D74D}.Release|Any CPU.ActiveCfg = Release|Any CPU
		{4CDD9B15-500B-4C77-B90C-D2139696D74D}.Release|Any CPU.Build.0 = Release|Any CPU
		{8E62E3BB-1D34-4353-9370-5B9440EC36C1}.Debug|Any CPU.ActiveCfg = Debug|Any CPU
		{8E62E3BB-1D34-4353-9370-5B9440EC36C1}.Debug|Any CPU.Build.0 = Debug|Any CPU
		{8E62E3BB-1D34-4353-9370-5B9440EC36C1}.Release|Any CPU.ActiveCfg = Release|Any CPU
		{8E62E3BB-1D34-4353-9370-5B9440EC36C1}.Release|Any CPU.Build.0 = Release|Any CPU
		{77383CFE-F137-4337-95E9-2A4D2ED01A43}.Debug|Any CPU.ActiveCfg = Debug|Any CPU
		{77383CFE-F137-4337-95E9-2A4D2ED01A43}.Debug|Any CPU.Build.0 = Debug|Any CPU
		{77383CFE-F137-4337-95E9-2A4D2ED01A43}.Release|Any CPU.ActiveCfg = Release|Any CPU
		{77383CFE-F137-4337-95E9-2A4D2ED01A43}.Release|Any CPU.Build.0 = Release|Any CPU
		{2AABCFDD-AA98-4309-AEF6-2236FCAA4A05}.Debug|Any CPU.ActiveCfg = Debug|Any CPU
		{2AABCFDD-AA98-4309-AEF6-2236FCAA4A05}.Debug|Any CPU.Build.0 = Debug|Any CPU
		{2AABCFDD-AA98-4309-AEF6-2236FCAA4A05}.Release|Any CPU.ActiveCfg = Release|Any CPU
		{2AABCFDD-AA98-4309-AEF6-2236FCAA4A05}.Release|Any CPU.Build.0 = Release|Any CPU
	EndGlobalSection
	GlobalSection(SolutionProperties) = preSolution
		HideSolutionNode = FALSE
	EndGlobalSection
	GlobalSection(ExtensibilityGlobals) = postSolution
		SolutionGuid = {FE35872B-EEC4-4D29-B458-F99DEAFDBAEF}
	EndGlobalSection
EndGlobal
